
Microsoft Visual Studio Solution File, Format Version 12.00
# Visual Studio Version 17
VisualStudioVersion = 17.11.35208.52
MinimumVisualStudioVersion = 10.0.40219.1
Project("{9A19103F-16F7-4668-BE54-9A1E7A4F7556}") = "APIBook", "ApiBook\APIBook.csproj", "{ACA877CE-41EC-4AC1-A700-F92B8729A5E3}"
EndProject
Global
	GlobalSection(SolutionConfigurationPlatforms) = preSolution
		Debug|Any CPU = Debug|Any CPU
		Release|Any CPU = Release|Any CPU
	EndGlobalSection
	GlobalSection(ProjectConfigurationPlatforms) = postSolution
		{ACA877CE-41EC-4AC1-A700-F92B8729A5E3}.Debug|Any CPU.ActiveCfg = Debug|Any CPU
		{ACA877CE-41EC-4AC1-A700-F92B8729A5E3}.Debug|Any CPU.Build.0 = Debug|Any CPU
		{ACA877CE-41EC-4AC1-A700-F92B8729A5E3}.Release|Any CPU.ActiveCfg = Release|Any CPU
		{ACA877CE-41EC-4AC1-A700-F92B8729A5E3}.Release|Any CPU.Build.0 = Release|Any CPU
	EndGlobalSection
	GlobalSection(SolutionProperties) = preSolution
		HideSolutionNode = FALSE
	EndGlobalSection
	GlobalSection(ExtensibilityGlobals) = postSolution
		SolutionGuid = {3F6D9BA8-9A71-4A59-8DE0-FE869A76E2FC}
	EndGlobalSection
EndGlobal
